
Microsoft Visual Studio Solution File, Format Version 12.00
# Visual Studio 15
VisualStudioVersion = 15.0.28307.271
MinimumVisualStudioVersion = 10.0.40219.1
Project("{9A19103F-16F7-4668-BE54-9A1E7A4F7556}") = "IdentityserverWithoutEntityFramework.Client", "IdentityserverWithoutEntityFramework.Client\IdentityserverWithoutEntityFramework.Client.csproj", "{A3D73D99-0E06-46D6-9A2C-44F94C3093B7}"
EndProject
Project("{FAE04EC0-301F-11D3-BF4B-00C04F79EFBC}") = "IdentityserverWithoutEntityFramework.Server", "IdentityserverWithoutEntityFramework.Server\IdentityserverWithoutEntityFramework.Server.csproj", "{4489EE15-B51F-4A3D-90B1-80CBFF8E456E}"
EndProject
Global
	GlobalSection(SolutionConfigurationPlatforms) = preSolution
		Debug|Any CPU = Debug|Any CPU
		Release|Any CPU = Release|Any CPU
	EndGlobalSection
	GlobalSection(ProjectConfigurationPlatforms) = postSolution
		{A3D73D99-0E06-46D6-9A2C-44F94C3093B7}.Debug|Any CPU.ActiveCfg = Debug|Any CPU
		{A3D73D99-0E06-46D6-9A2C-44F94C3093B7}.Debug|Any CPU.Build.0 = Debug|Any CPU
		{A3D73D99-0E06-46D6-9A2C-44F94C3093B7}.Release|Any CPU.ActiveCfg = Release|Any CPU
		{A3D73D99-0E06-46D6-9A2C-44F94C3093B7}.Release|Any CPU.Build.0 = Release|Any CPU
		{4489EE15-B51F-4A3D-90B1-80CBFF8E456E}.Debug|Any CPU.ActiveCfg = Debug|Any CPU
		{4489EE15-B51F-4A3D-90B1-80CBFF8E456E}.Debug|Any CPU.Build.0 = Debug|Any CPU
		{4489EE15-B51F-4A3D-90B1-80CBFF8E456E}.Release|Any CPU.ActiveCfg = Release|Any CPU
		{4489EE15-B51F-4A3D-90B1-80CBFF8E456E}.Release|Any CPU.Build.0 = Release|Any CPU
	EndGlobalSection
	GlobalSection(SolutionProperties) = preSolution
		HideSolutionNode = FALSE
	EndGlobalSection
	GlobalSection(ExtensibilityGlobals) = postSolution
		SolutionGuid = {93C48815-4065-43A5-A66C-43A7B7CF9056}
	EndGlobalSection
EndGlobal
